
Microsoft Visual Studio Solution File, Format Version 12.00
# Visual Studio Version 16
VisualStudioVersion = 16.0.30309.148
MinimumVisualStudioVersion = 10.0.40219.1
Project("{FAE04EC0-301F-11D3-BF4B-00C04F79EFBC}") = "Tesla Dashboard", "Tesla Dashboard.csproj", "{8F7B4E1D-8C94-4BFD-A4DD-DC773952CE2B}"
EndProject
Global
	GlobalSection(SolutionConfigurationPlatforms) = preSolution
		Debug|Any CPU = Debug|Any CPU
		Release|Any CPU = Release|Any CPU
	EndGlobalSection
	GlobalSection(ProjectConfigurationPlatforms) = postSolution
		{8F7B4E1D-8C94-4BFD-A4DD-DC773952CE2B}.Debug|Any CPU.ActiveCfg = Debug|Any CPU
		{8F7B4E1D-8C94-4BFD-A4DD-DC773952CE2B}.Debug|Any CPU.Build.0 = Debug|Any CPU
		{8F7B4E1D-8C94-4BFD-A4DD-DC773952CE2B}.Release|Any CPU.ActiveCfg = Release|Any CPU
		{8F7B4E1D-8C94-4BFD-A4DD-DC773952CE2B}.Release|Any CPU.Build.0 = Release|Any CPU
	EndGlobalSection
	GlobalSection(SolutionProperties) = preSolution
		HideSolutionNode = FALSE
	EndGlobalSection
	GlobalSection(ExtensibilityGlobals) = postSolution
		SolutionGuid = {99CE6D3A-D820-4C2B-9CDC-44B6E5B60559}
	EndGlobalSection
EndGlobal
